{
  "version": 4,
  "terraform_version": "1.14.8",
  "serial": 33,
  "lineage": "f781e429-fcd6-a052-26d1-10515c3939af",
  "outputs": {},
  "resources": [
    {
      "module": "module.resource_group",
      "mode": "managed",
      "type": "azurerm_resource_group",
      "name": "apple",
      "provider": "provider[\"registry.terraform.io/hashicorp/azurerm\"]",
      "instances": [
        {
          "index_key": "rg1",
          "schema_version": 0,
          "attributes": {
            "id": "/subscriptions/c9f80e6f-8188-4efe-a080-4474dc1aaea3/resourceGroups/rg-first",
            "location": "centralindia",
            "managed_by": "",
            "name": "rg-first",
            "tags": null,
            "timeouts": null
          },
          "sensitive_attributes": [],
          "identity_schema_version": 0,
          "identity": {
            "name": "rg-first",
            "subscription_id": "c9f80e6f-8188-4efe-a080-4474dc1aaea3"
          },
          "private": "eyJlMmJmYjczMC1lY2FhLTExZTYtOGY4OC0zNDM2M2JjN2M0YzAiOnsiY3JlYXRlIjo1NDAwMDAwMDAwMDAwLCJkZWxldGUiOjU0MDAwMDAwMDAwMDAsInJlYWQiOjMwMDAwMDAwMDAwMCwidXBkYXRlIjo1NDAwMDAwMDAwMDAwfX0="
        }
      ]
    },
    {
      "module": "module.subnet",
      "mode": "managed",
      "type": "azurerm_subnet",
      "name": "sbnt",
      "provider": "provider[\"registry.terraform.io/hashicorp/azurerm\"]",
      "instances": [
        {
          "index_key": "sbnt1",
          "schema_version": 0,
          "attributes": {
            "address_prefixes": [
              "10.12.1.0/24"
            ],
            "default_outbound_access_enabled": true,
            "delegation": [],
            "id": "/subscriptions/c9f80e6f-8188-4efe-a080-4474dc1aaea3/resourceGroups/rg-first/providers/Microsoft.Network/virtualNetworks/vnet-first/subnets/subnet-first",
            "ip_address_pool": [],
            "name": "subnet-first",
            "private_endpoint_network_policies": "Disabled",
            "private_link_service_network_policies_enabled": true,
            "resource_group_name": "rg-first",
            "service_endpoint_policy_ids": null,
            "service_endpoints": null,
            "sharing_scope": "",
            "timeouts": null,
            "virtual_network_name": "vnet-first"
          },
          "sensitive_attributes": [],
          "identity_schema_version": 0,
          "identity": {
            "name": "subnet-first",
            "resource_group_name": "rg-first",
            "subscription_id": "c9f80e6f-8188-4efe-a080-4474dc1aaea3",
            "virtual_network_name": "vnet-first"
          },
          "private": "eyJlMmJmYjczMC1lY2FhLTExZTYtOGY4OC0zNDM2M2JjN2M0YzAiOnsiY3JlYXRlIjoxODAwMDAwMDAwMDAwLCJkZWxldGUiOjE4MDAwMDAwMDAwMDAsInJlYWQiOjMwMDAwMDAwMDAwMCwidXBkYXRlIjoxODAwMDAwMDAwMDAwfX0=",
          "dependencies": [
            "module.resource_group.azurerm_resource_group.apple",
            "module.virtual_network.azurerm_virtual_network.vnet"
          ]
        }
      ]
    },
    {
      "module": "module.virtual_network",
      "mode": "managed",
      "type": "azurerm_virtual_network",
      "name": "vnet",
      "provider": "provider[\"registry.terraform.io/hashicorp/azurerm\"]",
      "instances": [
        {
          "index_key": "vnet1",
          "schema_version": 0,
          "attributes": {
            "address_space": [
              "10.12.0.0/16"
            ],
            "bgp_community": "",
            "ddos_protection_plan": [],
            "dns_servers": [],
            "edge_zone": "",
            "encryption": [],
            "flow_timeout_in_minutes": 0,
            "guid": "983cfe4a-c094-4d0c-8771-2110793b7161",
            "id": "/subscriptions/c9f80e6f-8188-4efe-a080-4474dc1aaea3/resourceGroups/rg-first/providers/Microsoft.Network/virtualNetworks/vnet-first",
            "ip_address_pool": [],
            "location": "centralindia",
            "name": "vnet-first",
            "private_endpoint_vnet_policies": "Disabled",
            "resource_group_name": "rg-first",
            "subnet": [],
            "tags": null,
            "timeouts": null
          },
          "sensitive_attributes": [],
          "identity_schema_version": 0,
          "identity": {
            "name": "vnet-first",
            "resource_group_name": "rg-first",
            "subscription_id": "c9f80e6f-8188-4efe-a080-4474dc1aaea3"
          },
          "private": "eyJlMmJmYjczMC1lY2FhLTExZTYtOGY4OC0zNDM2M2JjN2M0YzAiOnsiY3JlYXRlIjoxODAwMDAwMDAwMDAwLCJkZWxldGUiOjE4MDAwMDAwMDAwMDAsInJlYWQiOjMwMDAwMDAwMDAwMCwidXBkYXRlIjoxODAwMDAwMDAwMDAwfX0=",
          "dependencies": [
            "module.resource_group.azurerm_resource_group.apple"
          ]
        }
      ]
    }
  ],
  "check_results": null
}
